// !$*UTF8*$!
{
	archiveVersion = 1;
	classes = {
	};
	objectVersion = 46;
	objects = {

/* Begin PBXBuildFile section */
		56EB13C921B7302BD7406CC5 /* Pods_HPPWeiBoInObjective_C.framework in Frameworks */ = {isa = PBXBuildFile; fileRef = D2026E1BD93C16B530FC1461 /* Pods_HPPWeiBoInObjective_C.framework */; };
		AE03F97E1D805B29004F35EE /* main.m in Sources */ = {isa = PBXBuildFile; fileRef = AE03F97D1D805B29004F35EE /* main.m */; };
		AE03F9811D805B29004F35EE /* AppDelegate.m in Sources */ = {isa = PBXBuildFile; fileRef = AE03F9801D805B29004F35EE /* AppDelegate.m */; };
		AE03F9891D805B29004F35EE /* Assets.xcassets in Resources */ = {isa = PBXBuildFile; fileRef = AE03F9881D805B29004F35EE /* Assets.xcassets */; };
		AE4811921D80648D008597AF /* DiscoverViewController.m in Sources */ = {isa = PBXBuildFile; fileRef = AE4811911D80648D008597AF /* DiscoverViewController.m */; };
		AE4811951D8064A6008597AF /* HomeViewController.m in Sources */ = {isa = PBXBuildFile; fileRef = AE4811941D8064A6008597AF /* HomeViewController.m */; };
		AE4811981D8064B5008597AF /* MessageViewController.m in Sources */ = {isa = PBXBuildFile; fileRef = AE4811971D8064B5008597AF /* MessageViewController.m */; };
		AE48119B1D8064E3008597AF /* RootViewController.m in Sources */ = {isa = PBXBuildFile; fileRef = AE48119A1D8064E3008597AF /* RootViewController.m */; };
		AE48119E1D806528008597AF /* MainViewController.m in Sources */ = {isa = PBXBuildFile; fileRef = AE48119D1D806528008597AF /* MainViewController.m */; };
		AE4811A21D806DFA008597AF /* ProfileViewController.m in Sources */ = {isa = PBXBuildFile; fileRef = AE4811A11D806DFA008597AF /* ProfileViewController.m */; };
/* End PBXBuildFile section */

/* Begin PBXFileReference section */
		6FD975FC197C97DD70A96289 /* Pods-HPPWeiBoInObjective-C.release.xcconfig */ = {isa = PBXFileReference; includeInIndex = 1; lastKnownFileType = text.xcconfig; name = "Pods-HPPWeiBoInObjective-C.release.xcconfig"; path = "Pods/Target Support Files/Pods-HPPWeiBoInObjective-C/Pods-HPPWeiBoInObjective-C.release.xcconfig"; sourceTree = "<group>"; };
		AE03F9791D805B29004F35EE /* HPPWeiBoInObjective-C.app */ = {isa = PBXFileReference; explicitFileType = wrapper.application; includeInIndex = 0; path = "HPPWeiBoInObjective-C.app"; sourceTree = BUILT_PRODUCTS_DIR; };
		AE03F97D1D805B29004F35EE /* main.m */ = {isa = PBXFileReference; lastKnownFileType = sourcecode.c.objc; path = main.m; sourceTree = "<group>"; };
		AE03F97F1D805B29004F35EE /* AppDelegate.h */ = {isa = PBXFileReference; lastKnownFileType = sourcecode.c.h; path = AppDelegate.h; sourceTree = "<group>"; };
		AE03F9801D805B29004F35EE /* AppDelegate.m */ = {isa = PBXFileReference; lastKnownFileType = sourcecode.c.objc; path = AppDelegate.m; sourceTree = "<group>"; };
		AE03F9881D805B29004F35EE /* Assets.xcassets */ = {isa = PBXFileReference; lastKnownFileType = folder.assetcatalog; path = Assets.xcassets; sourceTree = "<group>"; };
		AE03F98D1D805B29004F35EE /* Info.plist */ = {isa = PBXFileReference; lastKnownFileType = text.plist.xml; path = Info.plist; sourceTree = "<group>"; };
		AE4811901D80648D008597AF /* DiscoverViewController.h */ = {isa = PBXFileReference; fileEncoding = 4; lastKnownFileType = sourcecode.c.h; path = DiscoverViewController.h; sourceTree = "<group>"; };
		AE4811911D80648D008597AF /* DiscoverViewController.m */ = {isa = PBXFileReference; fileEncoding = 4; lastKnownFileType = sourcecode.c.objc; path = DiscoverViewController.m; sourceTree = "<group>"; };
		AE4811931D8064A6008597AF /* HomeViewController.h */ = {isa = PBXFileReference; fileEncoding = 4; lastKnownFileType = sourcecode.c.h; path = HomeViewController.h; sourceTree = "<group>"; };
		AE4811941D8064A6008597AF /* HomeViewController.m */ = {isa = PBXFileReference; fileEncoding = 4; lastKnownFileType = sourcecode.c.objc; path = HomeViewController.m; sourceTree = "<group>"; };
		AE4811961D8064B5008597AF /* MessageViewController.h */ = {isa = PBXFileReference; fileEncoding = 4; lastKnownFileType = sourcecode.c.h; path = MessageViewController.h; sourceTree = "<group>"; };
		AE4811971D8064B5008597AF /* MessageViewController.m */ = {isa = PBXFileReference; fileEncoding = 4; lastKnownFileType = sourcecode.c.objc; path = MessageViewController.m; sourceTree = "<group>"; };
		AE4811991D8064E3008597AF /* RootViewController.h */ = {isa = PBXFileReference; fileEncoding = 4; lastKnownFileType = sourcecode.c.h; path = RootViewController.h; sourceTree = "<group>"; };
		AE48119A1D8064E3008597AF /* RootViewController.m */ = {isa = PBXFileReference; fileEncoding = 4; lastKnownFileType = sourcecode.c.objc; path = RootViewController.m; sourceTree = "<group>"; };
		AE48119C1D806528008597AF /* MainViewController.h */ = {isa = PBXFileReference; fileEncoding = 4; lastKnownFileType = sourcecode.c.h; path = MainViewController.h; sourceTree = "<group>"; };
		AE48119D1D806528008597AF /* MainViewController.m */ = {isa = PBXFileReference; fileEncoding = 4; lastKnownFileType = sourcecode.c.objc; path = MainViewController.m; sourceTree = "<group>"; };
		AE4811A01D806DFA008597AF /* ProfileViewController.h */ = {isa = PBXFileReference; fileEncoding = 4; lastKnownFileType = sourcecode.c.h; path = ProfileViewController.h; sourceTree = "<group>"; };
		AE4811A11D806DFA008597AF /* ProfileViewController.m */ = {isa = PBXFileReference; fileEncoding = 4; lastKnownFileType = sourcecode.c.objc; path = ProfileViewController.m; sourceTree = "<group>"; };
		B724092F7FDD747EC133AB5E /* Pods-HPPWeiBoInObjective-C.debug.xcconfig */ = {isa = PBXFileReference; includeInIndex = 1; lastKnownFileType = text.xcconfig; name = "Pods-HPPWeiBoInObjective-C.debug.xcconfig"; path = "Pods/Target Support Files/Pods-HPPWeiBoInObjective-C/Pods-HPPWeiBoInObjective-C.debug.xcconfig"; sourceTree = "<group>"; };
		D2026E1BD93C16B530FC1461 /* Pods_HPPWeiBoInObjective_C.framework */ = {isa = PBXFileReference; explicitFileType = wrapper.framework; includeInIndex = 0; path = Pods_HPPWeiBoInObjective_C.framework; sourceTree = BUILT_PRODUCTS_DIR; };
/* End PBXFileReference section */

/* Begin PBXFrameworksBuildPhase section */
		AE03F9761D805B29004F35EE /* Frameworks */ = {
			isa = PBXFrameworksBuildPhase;
			buildActionMask = 2147483647;
			files = (
				56EB13C921B7302BD7406CC5 /* Pods_HPPWeiBoInObjective_C.framework in Frameworks */,
			);
			runOnlyForDeploymentPostprocessing = 0;
		};
/* End PBXFrameworksBuildPhase section */

/* Begin PBXGroup section */
		2D0DD66C4D106F1A22F4D770 /* Frameworks */ = {
			isa = PBXGroup;
			children = (
				D2026E1BD93C16B530FC1461 /* Pods_HPPWeiBoInObjective_C.framework */,
			);
			name = Frameworks;
			sourceTree = "<group>";
		};
		66D04FC04F889B46C3CAB575 /* Pods */ = {
			isa = PBXGroup;
			children = (
				B724092F7FDD747EC133AB5E /* Pods-HPPWeiBoInObjective-C.debug.xcconfig */,
				6FD975FC197C97DD70A96289 /* Pods-HPPWeiBoInObjective-C.release.xcconfig */,
			);
			name = Pods;
			sourceTree = "<group>";
		};
		AE03F9701D805B29004F35EE = {
			isa = PBXGroup;
			children = (
				AE03F97B1D805B29004F35EE /* HPPWeiBoInObjective-C */,
				AE03F97A1D805B29004F35EE /* Products */,
				66D04FC04F889B46C3CAB575 /* Pods */,
				2D0DD66C4D106F1A22F4D770 /* Frameworks */,
			);
			sourceTree = "<group>";
		};
		AE03F97A1D805B29004F35EE /* Products */ = {
			isa = PBXGroup;
			children = (
				AE03F9791D805B29004F35EE /* HPPWeiBoInObjective-C.app */,
			);
			name = Products;
			sourceTree = "<group>";
		};
		AE03F97B1D805B29004F35EE /* HPPWeiBoInObjective-C */ = {
			isa = PBXGroup;
			children = (
				AE4811871D806230008597AF /* class */,
				AE03F97F1D805B29004F35EE /* AppDelegate.h */,
				AE03F9801D805B29004F35EE /* AppDelegate.m */,
				AE03F9881D805B29004F35EE /* Assets.xcassets */,
				AE03F98D1D805B29004F35EE /* Info.plist */,
				AE03F97C1D805B29004F35EE /* Supporting Files */,
			);
			path = "HPPWeiBoInObjective-C";
			sourceTree = "<group>";
		};
		AE03F97C1D805B29004F35EE /* Supporting Files */ = {
			isa = PBXGroup;
			children = (
				AE03F97D1D805B29004F35EE /* main.m */,
			);
			name = "Supporting Files";
			sourceTree = "<group>";
		};
		AE4811871D806230008597AF /* class */ = {
			isa = PBXGroup;
			children = (
				AE4811881D806230008597AF /* Model(模型) */,
				AE4811891D806230008597AF /* Tools(工具类) */,
				AE48118A1D806230008597AF /* View(视图和控制器) */,
				AE48118B1D806230008597AF /* ViewModel(视图模型) */,
			);
			path = class;
			sourceTree = "<group>";
		};
		AE4811881D806230008597AF /* Model(模型) */ = {
			isa = PBXGroup;
			children = (
			);
			path = "Model(模型)";
			sourceTree = "<group>";
		};
		AE4811891D806230008597AF /* Tools(工具类) */ = {
			isa = PBXGroup;
			children = (
			);
			path = "Tools(工具类)";
			sourceTree = "<group>";
		};
		AE48118A1D806230008597AF /* View(视图和控制器) */ = {
			isa = PBXGroup;
			children = (
				AE48118C1D8062BB008597AF /* Discover(发现) */,
				AE48118D1D8062BB008597AF /* Home(主页) */,
				AE48118E1D8062BB008597AF /* Main(主控制器) */,
				AE48118F1D8062BB008597AF /* Message(消息) */,
				AE48119F1D806DD8008597AF /* Profile(我) */,
			);
			path = "View(视图和控制器)";
			sourceTree = "<group>";
		};
		AE48118B1D806230008597AF /* ViewModel(视图模型) */ = {
			isa = PBXGroup;
			children = (
			);
			path = "ViewModel(视图模型)";
			sourceTree = "<group>";
		};
		AE48118C1D8062BB008597AF /* Discover(发现) */ = {
			isa = PBXGroup;
			children = (
				AE4811901D80648D008597AF /* DiscoverViewController.h */,
				AE4811911D80648D008597AF /* DiscoverViewController.m */,
			);
			path = "Discover(发现)";
			sourceTree = "<group>";
		};
		AE48118D1D8062BB008597AF /* Home(主页) */ = {
			isa = PBXGroup;
			children = (
				AE4811931D8064A6008597AF /* HomeViewController.h */,
				AE4811941D8064A6008597AF /* HomeViewController.m */,
			);
			path = "Home(主页)";
			sourceTree = "<group>";
		};
		AE48118E1D8062BB008597AF /* Main(主控制器) */ = {
			isa = PBXGroup;
			children = (
				AE4811991D8064E3008597AF /* RootViewController.h */,
				AE48119A1D8064E3008597AF /* RootViewController.m */,
				AE48119C1D806528008597AF /* MainViewController.h */,
				AE48119D1D806528008597AF /* MainViewController.m */,
			);
			path = "Main(主控制器)";
			sourceTree = "<group>";
		};
		AE48118F1D8062BB008597AF /* Message(消息) */ = {
			isa = PBXGroup;
			children = (
				AE4811961D8064B5008597AF /* MessageViewController.h */,
				AE4811971D8064B5008597AF /* MessageViewController.m */,
			);
			path = "Message(消息)";
			sourceTree = "<group>";
		};
		AE48119F1D806DD8008597AF /* Profile(我) */ = {
			isa = PBXGroup;
			children = (
				AE4811A01D806DFA008597AF /* ProfileViewController.h */,
				AE4811A11D806DFA008597AF /* ProfileViewController.m */,
			);
			path = "Profile(我)";
			sourceTree = "<group>";
		};
/* End PBXGroup section */

/* Begin PBXNativeTarget section */
		AE03F9781D805B29004F35EE /* HPPWeiBoInObjective-C */ = {
			isa = PBXNativeTarget;
			buildConfigurationList = AE03F9901D805B29004F35EE /* Build configuration list for PBXNativeTarget "HPPWeiBoInObjective-C" */;
			buildPhases = (
				EF3E90497A641C7C0BA99D50 /* [CP] Check Pods Manifest.lock */,
				AE03F9751D805B29004F35EE /* Sources */,
				AE03F9761D805B29004F35EE /* Frameworks */,
				AE03F9771D805B29004F35EE /* Resources */,
				0BC0D7AFFAB89CC9A78A3580 /* [CP] Embed Pods Frameworks */,
				6335F16FF2B79496DCFC6232 /* [CP] Copy Pods Resources */,
			);
			buildRules = (
			);
			dependencies = (
			);
			name = "HPPWeiBoInObjective-C";
			productName = "HPPWeiBoInObjective-C";
			productReference = AE03F9791D805B29004F35EE /* HPPWeiBoInObjective-C.app */;
			productType = "com.apple.product-type.application";
		};
/* End PBXNativeTarget section */

/* Begin PBXProject section */
		AE03F9711D805B29004F35EE /* Project object */ = {
			isa = PBXProject;
			attributes = {
				LastUpgradeCheck = 0720;
				ORGANIZATIONNAME = "黄晓展";
				TargetAttributes = {
					AE03F9781D805B29004F35EE = {
						CreatedOnToolsVersion = 7.2;
					};
				};
			};
			buildConfigurationList = AE03F9741D805B29004F35EE /* Build configuration list for PBXProject "HPPWeiBoInObjective-C" */;
			compatibilityVersion = "Xcode 3.2";
			developmentRegion = English;
			hasScannedForEncodings = 0;
			knownRegions = (
				en,
				Base,
			);
			mainGroup = AE03F9701D805B29004F35EE;
			productRefGroup = AE03F97A1D805B29004F35EE /* Products */;
			projectDirPath = "";
			projectRoot = "";
			targets = (
				AE03F9781D805B29004F35EE /* HPPWeiBoInObjective-C */,
			);
		};
/* End PBXProject section */

/* Begin PBXResourcesBuildPhase section */
		AE03F9771D805B29004F35EE /* Resources */ = {
			isa = PBXResourcesBuildPhase;
			buildActionMask = 2147483647;
			files = (
				AE03F9891D805B29004F35EE /* Assets.xcassets in Resources */,
			);
			runOnlyForDeploymentPostprocessing = 0;
		};
/* End PBXResourcesBuildPhase section */

/* Begin PBXShellScriptBuildPhase section */
		0BC0D7AFFAB89CC9A78A3580 /* [CP] Embed Pods Frameworks */ = {
			isa = PBXShellScriptBuildPhase;
			buildActionMask = 2147483647;
			files = (
			);
			inputPaths = (
			);
			name = "[CP] Embed Pods Frameworks";
			outputPaths = (
			);
			runOnlyForDeploymentPostprocessing = 0;
			shellPath = /bin/sh;
			shellScript = "\"${SRCROOT}/Pods/Target Support Files/Pods-HPPWeiBoInObjective-C/Pods-HPPWeiBoInObjective-C-frameworks.sh\"\n";
			showEnvVarsInLog = 0;
		};
		6335F16FF2B79496DCFC6232 /* [CP] Copy Pods Resources */ = {
			isa = PBXShellScriptBuildPhase;
			buildActionMask = 2147483647;
			files = (
			);
			inputPaths = (
			);
			name = "[CP] Copy Pods Resources";
			outputPaths = (
			);
			runOnlyForDeploymentPostprocessing = 0;
			shellPath = /bin/sh;
			shellScript = "\"${SRCROOT}/Pods/Target Support Files/Pods-HPPWeiBoInObjective-C/Pods-HPPWeiBoInObjective-C-resources.sh\"\n";
			showEnvVarsInLog = 0;
		};
		EF3E90497A641C7C0BA99D50 /* [CP] Check Pods Manifest.lock */ = {
			isa = PBXShellScriptBuildPhase;
			buildActionMask = 2147483647;
			files = (
			);
			inputPaths = (
			);
			name = "[CP] Check Pods Manifest.lock";
			outputPaths = (
			);
			runOnlyForDeploymentPostprocessing = 0;
			shellPath = /bin/sh;
			shellScript = "diff \"${PODS_ROOT}/../Podfile.lock\" \"${PODS_ROOT}/Manifest.lock\" > /dev/null\nif [[ $? != 0 ]] ; then\n    cat << EOM\nerror: The sandbox is not in sync with the Podfile.lock. Run 'pod install' or update your CocoaPods installation.\nEOM\n    exit 1\nfi\n";
			showEnvVarsInLog = 0;
		};
/* End PBXShellScriptBuildPhase section */

/* Begin PBXSourcesBuildPhase section */
		AE03F9751D805B29004F35EE /* Sources */ = {
			isa = PBXSourcesBuildPhase;
			buildActionMask = 2147483647;
			files = (
				AE4811981D8064B5008597AF /* MessageViewController.m in Sources */,
				AE48119B1D8064E3008597AF /* RootViewController.m in Sources */,
				AE4811A21D806DFA008597AF /* ProfileViewController.m in Sources */,
				AE48119E1D806528008597AF /* MainViewController.m in Sources */,
				AE4811921D80648D008597AF /* DiscoverViewController.m in Sources */,
				AE03F9811D805B29004F35EE /* AppDelegate.m in Sources */,
				AE4811951D8064A6008597AF /* HomeViewController.m in Sources */,
				AE03F97E1D805B29004F35EE /* main.m in Sources */,
			);
			runOnlyForDeploymentPostprocessing = 0;
		};
/* End PBXSourcesBuildPhase section */

/* Begin XCBuildConfiguration section */
		AE03F98E1D805B29004F35EE /* Debug */ = {
			isa = XCBuildConfiguration;
			buildSettings = {
				ALWAYS_SEARCH_USER_PATHS = NO;
				CLANG_CXX_LANGUAGE_STANDARD = "gnu++0x";
				CLANG_CXX_LIBRARY = "libc++";
				CLANG_ENABLE_MODULES = YES;
				CLANG_ENABLE_OBJC_ARC = YES;
				CLANG_WARN_BOOL_CONVERSION = YES;
				CLANG_WARN_CONSTANT_CONVERSION = YES;
				CLANG_WARN_DIRECT_OBJC_ISA_USAGE = YES_ERROR;
				CLANG_WARN_EMPTY_BODY = YES;
				CLANG_WARN_ENUM_CONVERSION = YES;
				CLANG_WARN_INT_CONVERSION = YES;
				CLANG_WARN_OBJC_ROOT_CLASS = YES_ERROR;
				CLANG_WARN_UNREACHABLE_CODE = YES;
				CLANG_WARN__DUPLICATE_METHOD_MATCH = YES;
				"CODE_SIGN_IDENTITY[sdk=iphoneos*]" = "iPhone Developer";
				COPY_PHASE_STRIP = NO;
				DEBUG_INFORMATION_FORMAT = dwarf;
				ENABLE_STRICT_OBJC_MSGSEND = YES;
				ENABLE_TESTABILITY = YES;
				GCC_C_LANGUAGE_STANDARD = gnu99;
				GCC_DYNAMIC_NO_PIC = NO;
				GCC_NO_COMMON_BLOCKS = YES;
				GCC_OPTIMIZATION_LEVEL = 0;
				GCC_PREPROCESSOR_DEFINITIONS = (
					"DEBUG=1",
					"$(inherited)",
				);
				GCC_WARN_64_TO_32_BIT_CONVERSION = YES;
				GCC_WARN_ABOUT_RETURN_TYPE = YES_ERROR;
				GCC_WARN_UNDECLARED_SELECTOR = YES;
				GCC_WARN_UNINITIALIZED_AUTOS = YES_AGGRESSIVE;
				GCC_WARN_UNUSED_FUNCTION = YES;
				GCC_WARN_UNUSED_VARIABLE = YES;
				IPHONEOS_DEPLOYMENT_TARGET = 9.2;
				MTL_ENABLE_DEBUG_INFO = YES;
				ONLY_ACTIVE_ARCH = YES;
				SDKROOT = iphoneos;
				TARGETED_DEVICE_FAMILY = "1,2";
			};
			name = Debug;
		};
		AE03F98F1D805B29004F35EE /* Release */ = {
			isa = XCBuildConfiguration;
			buildSettings = {
				ALWAYS_SEARCH_USER_PATHS = NO;
				CLANG_CXX_LANGUAGE_STANDARD = "gnu++0x";
				CLANG_CXX_LIBRARY = "libc++";
				CLANG_ENABLE_MODULES = YES;
				CLANG_ENABLE_OBJC_ARC = YES;
				CLANG_WARN_BOOL_CONVERSION = YES;
				CLANG_WARN_CONSTANT_CONVERSION = YES;
				CLANG_WARN_DIRECT_OBJC_ISA_USAGE = YES_ERROR;
				CLANG_WARN_EMPTY_BODY = YES;
				CLANG_WARN_ENUM_CONVERSION = YES;
				CLANG_WARN_INT_CONVERSION = YES;
				CLANG_WARN_OBJC_ROOT_CLASS = YES_ERROR;
				CLANG_WARN_UNREACHABLE_CODE = YES;
				CLANG_WARN__DUPLICATE_METHOD_MATCH = YES;
				"CODE_SIGN_IDENTITY[sdk=iphoneos*]" = "iPhone Developer";
				COPY_PHASE_STRIP = NO;
				DEBUG_INFORMATION_FORMAT = "dwarf-with-dsym";
				ENABLE_NS_ASSERTIONS = NO;
				ENABLE_STRICT_OBJC_MSGSEND = YES;
				GCC_C_LANGUAGE_STANDARD = gnu99;
				GCC_NO_COMMON_BLOCKS = YES;
				GCC_WARN_64_TO_32_BIT_CONVERSION = YES;
				GCC_WARN_ABOUT_RETURN_TYPE = YES_ERROR;
				GCC_WARN_UNDECLARED_SELECTOR = YES;
				GCC_WARN_UNINITIALIZED_AUTOS = YES_AGGRESSIVE;
				GCC_WARN_UNUSED_FUNCTION = YES;
				GCC_WARN_UNUSED_VARIABLE = YES;
				IPHONEOS_DEPLOYMENT_TARGET = 9.2;
				MTL_ENABLE_DEBUG_INFO = NO;
				SDKROOT = iphoneos;
				TARGETED_DEVICE_FAMILY = "1,2";
				VALIDATE_PRODUCT = YES;
			};
			name = Release;
		};
		AE03F9911D805B29004F35EE /* Debug */ = {
			isa = XCBuildConfiguration;
			baseConfigurationReference = B724092F7FDD747EC133AB5E /* Pods-HPPWeiBoInObjective-C.debug.xcconfig */;
			buildSettings = {
				ASSETCATALOG_COMPILER_APPICON_NAME = AppIcon;
				ASSETCATALOG_COMPILER_LAUNCHIMAGE_NAME = "Brand Assets";
				INFOPLIST_FILE = "HPPWeiBoInObjective-C/Info.plist";
				LD_RUNPATH_SEARCH_PATHS = "$(inherited) @executable_path/Frameworks";
				PRODUCT_BUNDLE_IDENTIFIER = "com.hpp.HPPWeiBoInObjective-C";
				PRODUCT_NAME = "$(TARGET_NAME)";
			};
			name = Debug;
		};
		AE03F9921D805B29004F35EE /* Release */ = {
			isa = XCBuildConfiguration;
			baseConfigurationReference = 6FD975FC197C97DD70A96289 /* Pods-HPPWeiBoInObjective-C.release.xcconfig */;
			buildSettings = {
				ASSETCATALOG_COMPILER_APPICON_NAME = AppIcon;
				ASSETCATALOG_COMPILER_LAUNCHIMAGE_NAME = "Brand Assets";
				INFOPLIST_FILE = "HPPWeiBoInObjective-C/Info.plist";
				LD_RUNPATH_SEARCH_PATHS = "$(inherited) @executable_path/Frameworks";
				PRODUCT_BUNDLE_IDENTIFIER = "com.hpp.HPPWeiBoInObjective-C";
				PRODUCT_NAME = "$(TARGET_NAME)";
			};
			name = Release;
		};
/* End XCBuildConfiguration section */

/* Begin XCConfigurationList section */
		AE03F9741D805B29004F35EE /* Build configuration list for PBXProject "HPPWeiBoInObjective-C" */ = {
			isa = XCConfigurationList;
			buildConfigurations = (
				AE03F98E1D805B29004F35EE /* Debug */,
				AE03F98F1D805B29004F35EE /* Release */,
			);
			defaultConfigurationIsVisible = 0;
			defaultConfigurationName = Release;
		};
		AE03F9901D805B29004F35EE /* Build configuration list for PBXNativeTarget "HPPWeiBoInObjective-C" */ = {
			isa = XCConfigurationList;
			buildConfigurations = (
				AE03F9911D805B29004F35EE /* Debug */,
				AE03F9921D805B29004F35EE /* Release */,
			);
			defaultConfigurationIsVisible = 0;
			defaultConfigurationName = Release;
		};
/* End XCConfigurationList section */
	};
	rootObject = AE03F9711D805B29004F35EE /* Project object */;
}
