// !$*UTF8*$!
{
	archiveVersion = 1;
	classes = {
	};
	objectVersion = 46;
	objects = {

/* Begin PBXBuildFile section */
		717BC046975B43C510152F65 /* Pods_HPPWeiBoInObject_C.framework in Frameworks */ = {isa = PBXBuildFile; fileRef = 9486A912C5F22F2C21A03328 /* Pods_HPPWeiBoInObject_C.framework */; };
		AEEB061B1D80393A00D48E70 /* AppDelegate.swift in Sources */ = {isa = PBXBuildFile; fileRef = AEEB061A1D80393A00D48E70 /* AppDelegate.swift */; };
		AEEB061D1D80393A00D48E70 /* ViewController.swift in Sources */ = {isa = PBXBuildFile; fileRef = AEEB061C1D80393A00D48E70 /* ViewController.swift */; };
		AEEB06201D80393A00D48E70 /* Main.storyboard in Resources */ = {isa = PBXBuildFile; fileRef = AEEB061E1D80393A00D48E70 /* Main.storyboard */; };
		AEEB06221D80393A00D48E70 /* Assets.xcassets in Resources */ = {isa = PBXBuildFile; fileRef = AEEB06211D80393A00D48E70 /* Assets.xcassets */; };
		AEEB06251D80393A00D48E70 /* LaunchScreen.storyboard in Resources */ = {isa = PBXBuildFile; fileRef = AEEB06231D80393A00D48E70 /* LaunchScreen.storyboard */; };
/* End PBXBuildFile section */

/* Begin PBXFileReference section */
		68341760B128964846F8ECA1 /* Pods-HPPWeiBoInObject-C.release.xcconfig */ = {isa = PBXFileReference; includeInIndex = 1; lastKnownFileType = text.xcconfig; name = "Pods-HPPWeiBoInObject-C.release.xcconfig"; path = "Pods/Target Support Files/Pods-HPPWeiBoInObject-C/Pods-HPPWeiBoInObject-C.release.xcconfig"; sourceTree = "<group>"; };
		9486A912C5F22F2C21A03328 /* Pods_HPPWeiBoInObject_C.framework */ = {isa = PBXFileReference; explicitFileType = wrapper.framework; includeInIndex = 0; path = Pods_HPPWeiBoInObject_C.framework; sourceTree = BUILT_PRODUCTS_DIR; };
		AC2E677A68AD486853F88989 /* Pods-HPPWeiBoInObject-C.debug.xcconfig */ = {isa = PBXFileReference; includeInIndex = 1; lastKnownFileType = text.xcconfig; name = "Pods-HPPWeiBoInObject-C.debug.xcconfig"; path = "Pods/Target Support Files/Pods-HPPWeiBoInObject-C/Pods-HPPWeiBoInObject-C.debug.xcconfig"; sourceTree = "<group>"; };
		AEEB06171D80393A00D48E70 /* HPPWeiBoInObject-C.app */ = {isa = PBXFileReference; explicitFileType = wrapper.application; includeInIndex = 0; path = "HPPWeiBoInObject-C.app"; sourceTree = BUILT_PRODUCTS_DIR; };
		AEEB061A1D80393A00D48E70 /* AppDelegate.swift */ = {isa = PBXFileReference; lastKnownFileType = sourcecode.swift; path = AppDelegate.swift; sourceTree = "<group>"; };
		AEEB061C1D80393A00D48E70 /* ViewController.swift */ = {isa = PBXFileReference; lastKnownFileType = sourcecode.swift; path = ViewController.swift; sourceTree = "<group>"; };
		AEEB061F1D80393A00D48E70 /* Base */ = {isa = PBXFileReference; lastKnownFileType = file.storyboard; name = Base; path = Base.lproj/Main.storyboard; sourceTree = "<group>"; };
		AEEB06211D80393A00D48E70 /* Assets.xcassets */ = {isa = PBXFileReference; lastKnownFileType = folder.assetcatalog; path = Assets.xcassets; sourceTree = "<group>"; };
		AEEB06241D80393A00D48E70 /* Base */ = {isa = PBXFileReference; lastKnownFileType = file.storyboard; name = Base; path = Base.lproj/LaunchScreen.storyboard; sourceTree = "<group>"; };
		AEEB06261D80393A00D48E70 /* Info.plist */ = {isa = PBXFileReference; lastKnownFileType = text.plist.xml; path = Info.plist; sourceTree = "<group>"; };
/* End PBXFileReference section */

/* Begin PBXFrameworksBuildPhase section */
		AEEB06141D80393A00D48E70 /* Frameworks */ = {
			isa = PBXFrameworksBuildPhase;
			buildActionMask = 2147483647;
			files = (
				717BC046975B43C510152F65 /* Pods_HPPWeiBoInObject_C.framework in Frameworks */,
			);
			runOnlyForDeploymentPostprocessing = 0;
		};
/* End PBXFrameworksBuildPhase section */

/* Begin PBXGroup section */
		26E362B19B8685A51965A8EC /* Frameworks */ = {
			isa = PBXGroup;
			children = (
				9486A912C5F22F2C21A03328 /* Pods_HPPWeiBoInObject_C.framework */,
			);
			name = Frameworks;
			sourceTree = "<group>";
		};
		80210912CDEB211DB16100B7 /* Pods */ = {
			isa = PBXGroup;
			children = (
				AC2E677A68AD486853F88989 /* Pods-HPPWeiBoInObject-C.debug.xcconfig */,
				68341760B128964846F8ECA1 /* Pods-HPPWeiBoInObject-C.release.xcconfig */,
			);
			name = Pods;
			sourceTree = "<group>";
		};
		AEEB060E1D80393A00D48E70 = {
			isa = PBXGroup;
			children = (
				AEEB06191D80393A00D48E70 /* HPPWeiBoInObject-C */,
				AEEB06181D80393A00D48E70 /* Products */,
				80210912CDEB211DB16100B7 /* Pods */,
				26E362B19B8685A51965A8EC /* Frameworks */,
			);
			sourceTree = "<group>";
		};
		AEEB06181D80393A00D48E70 /* Products */ = {
			isa = PBXGroup;
			children = (
				AEEB06171D80393A00D48E70 /* HPPWeiBoInObject-C.app */,
			);
			name = Products;
			sourceTree = "<group>";
		};
		AEEB06191D80393A00D48E70 /* HPPWeiBoInObject-C */ = {
			isa = PBXGroup;
			children = (
				AEEB061A1D80393A00D48E70 /* AppDelegate.swift */,
				AEEB061C1D80393A00D48E70 /* ViewController.swift */,
				AEEB061E1D80393A00D48E70 /* Main.storyboard */,
				AEEB06211D80393A00D48E70 /* Assets.xcassets */,
				AEEB06231D80393A00D48E70 /* LaunchScreen.storyboard */,
				AEEB06261D80393A00D48E70 /* Info.plist */,
			);
			path = "HPPWeiBoInObject-C";
			sourceTree = "<group>";
		};
/* End PBXGroup section */

/* Begin PBXNativeTarget section */
		AEEB06161D80393A00D48E70 /* HPPWeiBoInObject-C */ = {
			isa = PBXNativeTarget;
			buildConfigurationList = AEEB06291D80393A00D48E70 /* Build configuration list for PBXNativeTarget "HPPWeiBoInObject-C" */;
			buildPhases = (
				FC5EA849F57B7BCF4EC3AAD5 /* [CP] Check Pods Manifest.lock */,
				AEEB06131D80393A00D48E70 /* Sources */,
				AEEB06141D80393A00D48E70 /* Frameworks */,
				AEEB06151D80393A00D48E70 /* Resources */,
				C110977A3411C86B1DEED1D3 /* [CP] Embed Pods Frameworks */,
				49D5D39ECB16FE164EB9AFDA /* [CP] Copy Pods Resources */,
			);
			buildRules = (
			);
			dependencies = (
			);
			name = "HPPWeiBoInObject-C";
			productName = "HPPWeiBoInObject-C";
			productReference = AEEB06171D80393A00D48E70 /* HPPWeiBoInObject-C.app */;
			productType = "com.apple.product-type.application";
		};
/* End PBXNativeTarget section */

/* Begin PBXProject section */
		AEEB060F1D80393A00D48E70 /* Project object */ = {
			isa = PBXProject;
			attributes = {
				LastSwiftUpdateCheck = 0720;
				LastUpgradeCheck = 0720;
				ORGANIZATIONNAME = "黄晓展";
				TargetAttributes = {
					AEEB06161D80393A00D48E70 = {
						CreatedOnToolsVersion = 7.2;
					};
				};
			};
			buildConfigurationList = AEEB06121D80393A00D48E70 /* Build configuration list for PBXProject "HPPWeiBoInObject-C" */;
			compatibilityVersion = "Xcode 3.2";
			developmentRegion = English;
			hasScannedForEncodings = 0;
			knownRegions = (
				en,
				Base,
			);
			mainGroup = AEEB060E1D80393A00D48E70;
			productRefGroup = AEEB06181D80393A00D48E70 /* Products */;
			projectDirPath = "";
			projectRoot = "";
			targets = (
				AEEB06161D80393A00D48E70 /* HPPWeiBoInObject-C */,
			);
		};
/* End PBXProject section */

/* Begin PBXResourcesBuildPhase section */
		AEEB06151D80393A00D48E70 /* Resources */ = {
			isa = PBXResourcesBuildPhase;
			buildActionMask = 2147483647;
			files = (
				AEEB06251D80393A00D48E70 /* LaunchScreen.storyboard in Resources */,
				AEEB06221D80393A00D48E70 /* Assets.xcassets in Resources */,
				AEEB06201D80393A00D48E70 /* Main.storyboard in Resources */,
			);
			runOnlyForDeploymentPostprocessing = 0;
		};
/* End PBXResourcesBuildPhase section */

/* Begin PBXShellScriptBuildPhase section */
		49D5D39ECB16FE164EB9AFDA /* [CP] Copy Pods Resources */ = {
			isa = PBXShellScriptBuildPhase;
			buildActionMask = 2147483647;
			files = (
			);
			inputPaths = (
			);
			name = "[CP] Copy Pods Resources";
			outputPaths = (
			);
			runOnlyForDeploymentPostprocessing = 0;
			shellPath = /bin/sh;
			shellScript = "\"${SRCROOT}/Pods/Target Support Files/Pods-HPPWeiBoInObject-C/Pods-HPPWeiBoInObject-C-resources.sh\"\n";
			showEnvVarsInLog = 0;
		};
		C110977A3411C86B1DEED1D3 /* [CP] Embed Pods Frameworks */ = {
			isa = PBXShellScriptBuildPhase;
			buildActionMask = 2147483647;
			files = (
			);
			inputPaths = (
			);
			name = "[CP] Embed Pods Frameworks";
			outputPaths = (
			);
			runOnlyForDeploymentPostprocessing = 0;
			shellPath = /bin/sh;
			shellScript = "\"${SRCROOT}/Pods/Target Support Files/Pods-HPPWeiBoInObject-C/Pods-HPPWeiBoInObject-C-frameworks.sh\"\n";
			showEnvVarsInLog = 0;
		};
		FC5EA849F57B7BCF4EC3AAD5 /* [CP] Check Pods Manifest.lock */ = {
			isa = PBXShellScriptBuildPhase;
			buildActionMask = 2147483647;
			files = (
			);
			inputPaths = (
			);
			name = "[CP] Check Pods Manifest.lock";
			outputPaths = (
			);
			runOnlyForDeploymentPostprocessing = 0;
			shellPath = /bin/sh;
			shellScript = "diff \"${PODS_ROOT}/../Podfile.lock\" \"${PODS_ROOT}/Manifest.lock\" > /dev/null\nif [[ $? != 0 ]] ; then\n    cat << EOM\nerror: The sandbox is not in sync with the Podfile.lock. Run 'pod install' or update your CocoaPods installation.\nEOM\n    exit 1\nfi\n";
			showEnvVarsInLog = 0;
		};
/* End PBXShellScriptBuildPhase section */

/* Begin PBXSourcesBuildPhase section */
		AEEB06131D80393A00D48E70 /* Sources */ = {
			isa = PBXSourcesBuildPhase;
			buildActionMask = 2147483647;
			files = (
				AEEB061D1D80393A00D48E70 /* ViewController.swift in Sources */,
				AEEB061B1D80393A00D48E70 /* AppDelegate.swift in Sources */,
			);
			runOnlyForDeploymentPostprocessing = 0;
		};
/* End PBXSourcesBuildPhase section */

/* Begin PBXVariantGroup section */
		AEEB061E1D80393A00D48E70 /* Main.storyboard */ = {
			isa = PBXVariantGroup;
			children = (
				AEEB061F1D80393A00D48E70 /* Base */,
			);
			name = Main.storyboard;
			sourceTree = "<group>";
		};
		AEEB06231D80393A00D48E70 /* LaunchScreen.storyboard */ = {
			isa = PBXVariantGroup;
			children = (
				AEEB06241D80393A00D48E70 /* Base */,
			);
			name = LaunchScreen.storyboard;
			sourceTree = "<group>";
		};
/* End PBXVariantGroup section */

/* Begin XCBuildConfiguration section */
		AEEB06271D80393A00D48E70 /* Debug */ = {
			isa = XCBuildConfiguration;
			buildSettings = {
				ALWAYS_SEARCH_USER_PATHS = NO;
				CLANG_CXX_LANGUAGE_STANDARD = "gnu++0x";
				CLANG_CXX_LIBRARY = "libc++";
				CLANG_ENABLE_MODULES = YES;
				CLANG_ENABLE_OBJC_ARC = YES;
				CLANG_WARN_BOOL_CONVERSION = YES;
				CLANG_WARN_CONSTANT_CONVERSION = YES;
				CLANG_WARN_DIRECT_OBJC_ISA_USAGE = YES_ERROR;
				CLANG_WARN_EMPTY_BODY = YES;
				CLANG_WARN_ENUM_CONVERSION = YES;
				CLANG_WARN_INT_CONVERSION = YES;
				CLANG_WARN_OBJC_ROOT_CLASS = YES_ERROR;
				CLANG_WARN_UNREACHABLE_CODE = YES;
				CLANG_WARN__DUPLICATE_METHOD_MATCH = YES;
				"CODE_SIGN_IDENTITY[sdk=iphoneos*]" = "iPhone Developer";
				COPY_PHASE_STRIP = NO;
				DEBUG_INFORMATION_FORMAT = dwarf;
				ENABLE_STRICT_OBJC_MSGSEND = YES;
				ENABLE_TESTABILITY = YES;
				GCC_C_LANGUAGE_STANDARD = gnu99;
				GCC_DYNAMIC_NO_PIC = NO;
				GCC_NO_COMMON_BLOCKS = YES;
				GCC_OPTIMIZATION_LEVEL = 0;
				GCC_PREPROCESSOR_DEFINITIONS = (
					"DEBUG=1",
					"$(inherited)",
				);
				GCC_WARN_64_TO_32_BIT_CONVERSION = YES;
				GCC_WARN_ABOUT_RETURN_TYPE = YES_ERROR;
				GCC_WARN_UNDECLARED_SELECTOR = YES;
				GCC_WARN_UNINITIALIZED_AUTOS = YES_AGGRESSIVE;
				GCC_WARN_UNUSED_FUNCTION = YES;
				GCC_WARN_UNUSED_VARIABLE = YES;
				IPHONEOS_DEPLOYMENT_TARGET = 9.2;
				MTL_ENABLE_DEBUG_INFO = YES;
				ONLY_ACTIVE_ARCH = YES;
				SDKROOT = iphoneos;
				SWIFT_OPTIMIZATION_LEVEL = "-Onone";
				TARGETED_DEVICE_FAMILY = "1,2";
			};
			name = Debug;
		};
		AEEB06281D80393A00D48E70 /* Release */ = {
			isa = XCBuildConfiguration;
			buildSettings = {
				ALWAYS_SEARCH_USER_PATHS = NO;
				CLANG_CXX_LANGUAGE_STANDARD = "gnu++0x";
				CLANG_CXX_LIBRARY = "libc++";
				CLANG_ENABLE_MODULES = YES;
				CLANG_ENABLE_OBJC_ARC = YES;
				CLANG_WARN_BOOL_CONVERSION = YES;
				CLANG_WARN_CONSTANT_CONVERSION = YES;
				CLANG_WARN_DIRECT_OBJC_ISA_USAGE = YES_ERROR;
				CLANG_WARN_EMPTY_BODY = YES;
				CLANG_WARN_ENUM_CONVERSION = YES;
				CLANG_WARN_INT_CONVERSION = YES;
				CLANG_WARN_OBJC_ROOT_CLASS = YES_ERROR;
				CLANG_WARN_UNREACHABLE_CODE = YES;
				CLANG_WARN__DUPLICATE_METHOD_MATCH = YES;
				"CODE_SIGN_IDENTITY[sdk=iphoneos*]" = "iPhone Developer";
				COPY_PHASE_STRIP = NO;
				DEBUG_INFORMATION_FORMAT = "dwarf-with-dsym";
				ENABLE_NS_ASSERTIONS = NO;
				ENABLE_STRICT_OBJC_MSGSEND = YES;
				GCC_C_LANGUAGE_STANDARD = gnu99;
				GCC_NO_COMMON_BLOCKS = YES;
				GCC_WARN_64_TO_32_BIT_CONVERSION = YES;
				GCC_WARN_ABOUT_RETURN_TYPE = YES_ERROR;
				GCC_WARN_UNDECLARED_SELECTOR = YES;
				GCC_WARN_UNINITIALIZED_AUTOS = YES_AGGRESSIVE;
				GCC_WARN_UNUSED_FUNCTION = YES;
				GCC_WARN_UNUSED_VARIABLE = YES;
				IPHONEOS_DEPLOYMENT_TARGET = 9.2;
				MTL_ENABLE_DEBUG_INFO = NO;
				SDKROOT = iphoneos;
				TARGETED_DEVICE_FAMILY = "1,2";
				VALIDATE_PRODUCT = YES;
			};
			name = Release;
		};
		AEEB062A1D80393A00D48E70 /* Debug */ = {
			isa = XCBuildConfiguration;
			baseConfigurationReference = AC2E677A68AD486853F88989 /* Pods-HPPWeiBoInObject-C.debug.xcconfig */;
			buildSettings = {
				ASSETCATALOG_COMPILER_APPICON_NAME = AppIcon;
				INFOPLIST_FILE = "HPPWeiBoInObject-C/Info.plist";
				LD_RUNPATH_SEARCH_PATHS = "$(inherited) @executable_path/Frameworks";
				PRODUCT_BUNDLE_IDENTIFIER = "com.hpp.HPPWeiBoInObject-C";
				PRODUCT_NAME = "$(TARGET_NAME)";
			};
			name = Debug;
		};
		AEEB062B1D80393A00D48E70 /* Release */ = {
			isa = XCBuildConfiguration;
			baseConfigurationReference = 68341760B128964846F8ECA1 /* Pods-HPPWeiBoInObject-C.release.xcconfig */;
			buildSettings = {
				ASSETCATALOG_COMPILER_APPICON_NAME = AppIcon;
				INFOPLIST_FILE = "HPPWeiBoInObject-C/Info.plist";
				LD_RUNPATH_SEARCH_PATHS = "$(inherited) @executable_path/Frameworks";
				PRODUCT_BUNDLE_IDENTIFIER = "com.hpp.HPPWeiBoInObject-C";
				PRODUCT_NAME = "$(TARGET_NAME)";
			};
			name = Release;
		};
/* End XCBuildConfiguration section */

/* Begin XCConfigurationList section */
		AEEB06121D80393A00D48E70 /* Build configuration list for PBXProject "HPPWeiBoInObject-C" */ = {
			isa = XCConfigurationList;
			buildConfigurations = (
				AEEB06271D80393A00D48E70 /* Debug */,
				AEEB06281D80393A00D48E70 /* Release */,
			);
			defaultConfigurationIsVisible = 0;
			defaultConfigurationName = Release;
		};
		AEEB06291D80393A00D48E70 /* Build configuration list for PBXNativeTarget "HPPWeiBoInObject-C" */ = {
			isa = XCConfigurationList;
			buildConfigurations = (
				AEEB062A1D80393A00D48E70 /* Debug */,
				AEEB062B1D80393A00D48E70 /* Release */,
			);
			defaultConfigurationIsVisible = 0;
			defaultConfigurationName = Release;
		};
/* End XCConfigurationList section */
	};
	rootObject = AEEB060F1D80393A00D48E70 /* Project object */;
}
